{
  "name": "framework-testing",
  "requires": true,
  "lockfileVersion": 1,
  "dependencies": {
    "@rbxts/compiler-types": {
      "version": "1.0.0-beta.3.0",
      "resolved": "https://registry.npmjs.org/@rbxts/compiler-types/-/compiler-types-1.0.0-beta.3.0.tgz",
      "integrity": "sha512-FhGZ/ZHdgBqihvAPtPkC6oXy+uCSdiWxqV7fnNTCiVVYSEUcygU5f9ZYrxTaU/63YIjmEwnOlxlJUdVuzNxMag=="
    },
    "@rbxts/graph": {
      "version": "1.0.1-ts.1",
      "resolved": "https://registry.npmjs.org/@rbxts/graph/-/graph-1.0.1-ts.1.tgz",
      "integrity": "sha512-8RzKwYSSmyUGEsvp6el7SV6ian5Yv+XqP6a3hdf9cf1EHZUSdyTJYjN4CzKTdP6zmRtPAqP0D3D4XYHFrzK7bw=="
    },
    "@rbxts/maid": {
      "version": "1.0.0-ts.1",
      "resolved": "https://registry.npmjs.org/@rbxts/maid/-/maid-1.0.0-ts.1.tgz",
      "integrity": "sha512-nm4eucrDE5NnpkHJaaZvMwFJjk9YLAXrLYyA/MWXHI8vr7jeGHmex1N2b90ewa9KqeH+RiWlkXmj2xBALonC4Q=="
    },
    "@rbxts/roact": {
      "version": "1.3.0-ts.5",
      "resolved": "https://registry.npmjs.org/@rbxts/roact/-/roact-1.3.0-ts.5.tgz",
      "integrity": "sha512-UAIE3OFBfqJFhYWk9hsWO70+NCv3u4AILFThSEDkgLMQOm9ixuXSuQ6mbTeQkZRJSBT/RfmTd7tTZzHryhKbHA=="
    },
    "@rbxts/t": {
      "version": "1.3.5",
      "resolved": "https://registry.npmjs.org/@rbxts/t/-/t-1.3.5.tgz",
      "integrity": "sha512-Z1Lt7DhxQ/FwNgGhKSibHqT5FxgR+QwOF/v9DZN8bP8mJbqtlXwjd8gunL06DKO5xPMWlpbs9fMIgpMI4cl7zQ==",
      "requires": {
        "@rbxts/types": "^1.0.317"
      }
    },
    "@rbxts/types": {
      "version": "1.0.418",
      "resolved": "https://registry.npmjs.org/@rbxts/types/-/types-1.0.418.tgz",
      "integrity": "sha512-M/4YT1MZ0zMPmr9YkMbv1U8K/e6wjILJZ6k2DJ/s2Hjr658v6jElBo2z4olUUlgvod2893XWdQxv/n2n8jH1rA==",
      "requires": {
        "@rbxts/compiler-types": "*"
      }
    }
  }
}
